
Microsoft Visual Studio Solution File, Format Version 12.00
# Visual Studio Version 17
VisualStudioVersion = 17.4.33213.308
MinimumVisualStudioVersion = 10.0.40219.1
Project("{8BC9CEB8-8B4A-11D0-8D11-00A0C91BC942}") = "01_intro", "01_intro\01_intro.vcxproj", "{9E07B8CE-7798-45FB-9C12-C2FA2B2135AA}"
EndProject
Project("{8BC9CEB8-8B4A-11D0-8D11-00A0C91BC942}") = "02_operators_if_switch", "02_operators_if_switch\02_operators_if_switch.vcxproj", "{CC9DDCC6-3FAF-4D6A-B99B-02265F3183EF}"
EndProject
Project("{8BC9CEB8-8B4A-11D0-8D11-00A0C91BC942}") = "02_operators_helper_home", "02_operators_helper_home\02_operators_helper_home.vcxproj", "{06E8F9D6-BC8C-4E16-934B-A865EED9D1F0}"
EndProject
Project("{8BC9CEB8-8B4A-11D0-8D11-00A0C91BC942}") = "03_cycles", "03_cycles\03_cycles.vcxproj", "{9F626068-7192-4A96-90C0-EC2B66BE004A}"
EndProject
Project("{8BC9CEB8-8B4A-11D0-8D11-00A0C91BC942}") = "04_arrays", "04_arrays\04_arrays.vcxproj", "{B02742F5-3728-4A46-95AD-65D8C253178B}"
EndProject
Project("{8BC9CEB8-8B4A-11D0-8D11-00A0C91BC942}") = "04_array_helper_home", "04_array_helper_home\04_array_helper_home.vcxproj", "{F289D914-3BDA-47E5-B9D0-FEEB27FCE90C}"
EndProject
Project("{8BC9CEB8-8B4A-11D0-8D11-00A0C91BC942}") = "05_sorted_array", "05_sorted_array\05_sorted_array.vcxproj", "{7F545F49-8C68-49D9-9244-4225C79F57D9}"
EndProject
Project("{8BC9CEB8-8B4A-11D0-8D11-00A0C91BC942}") = "06_mult_array", "06_mult_array\06_mult_array.vcxproj", "{E1A4707D-E560-4943-9B3E-8B5E43395650}"
EndProject
Project("{8BC9CEB8-8B4A-11D0-8D11-00A0C91BC942}") = "06_Helper_home", "06_Helper_home\06_Helper_home.vcxproj", "{8F3C2D6B-CD52-47F6-ABAB-656D2E32E324}"
EndProject
Project("{8BC9CEB8-8B4A-11D0-8D11-00A0C91BC942}") = "06_fifty_game", "06_fifty_game\06_fifty_game.vcxproj", "{D0A86B0B-5AA2-48D2-8275-96BC1FDBBEE6}"
EndProject
Project("{8BC9CEB8-8B4A-11D0-8D11-00A0C91BC942}") = "07_functions", "07_functions\07_functions.vcxproj", "{79DEEF5C-DC70-4694-9C20-DEAF700B209E}"
EndProject
Global
	GlobalSection(SolutionConfigurationPlatforms) = preSolution
		Debug|x64 = Debug|x64
		Debug|x86 = Debug|x86
		Release|x64 = Release|x64
		Release|x86 = Release|x86
	EndGlobalSection
	GlobalSection(ProjectConfigurationPlatforms) = postSolution
		{9E07B8CE-7798-45FB-9C12-C2FA2B2135AA}.Debug|x64.ActiveCfg = Debug|x64
		{9E07B8CE-7798-45FB-9C12-C2FA2B2135AA}.Debug|x64.Build.0 = Debug|x64
		{9E07B8CE-7798-45FB-9C12-C2FA2B2135AA}.Debug|x86.ActiveCfg = Debug|Win32
		{9E07B8CE-7798-45FB-9C12-C2FA2B2135AA}.Debug|x86.Build.0 = Debug|Win32
		{9E07B8CE-7798-45FB-9C12-C2FA2B2135AA}.Release|x64.ActiveCfg = Release|x64
		{9E07B8CE-7798-45FB-9C12-C2FA2B2135AA}.Release|x64.Build.0 = Release|x64
		{9E07B8CE-7798-45FB-9C12-C2FA2B2135AA}.Release|x86.ActiveCfg = Release|Win32
		{9E07B8CE-7798-45FB-9C12-C2FA2B2135AA}.Release|x86.Build.0 = Release|Win32
		{CC9DDCC6-3FAF-4D6A-B99B-02265F3183EF}.Debug|x64.ActiveCfg = Debug|x64
		{CC9DDCC6-3FAF-4D6A-B99B-02265F3183EF}.Debug|x64.Build.0 = Debug|x64
		{CC9DDCC6-3FAF-4D6A-B99B-02265F3183EF}.Debug|x86.ActiveCfg = Debug|Win32
		{CC9DDCC6-3FAF-4D6A-B99B-02265F3183EF}.Debug|x86.Build.0 = Debug|Win32
		{CC9DDCC6-3FAF-4D6A-B99B-02265F3183EF}.Release|x64.ActiveCfg = Release|x64
		{CC9DDCC6-3FAF-4D6A-B99B-02265F3183EF}.Release|x64.Build.0 = Release|x64
		{CC9DDCC6-3FAF-4D6A-B99B-02265F3183EF}.Release|x86.ActiveCfg = Release|Win32
		{CC9DDCC6-3FAF-4D6A-B99B-02265F3183EF}.Release|x86.Build.0 = Release|Win32
		{06E8F9D6-BC8C-4E16-934B-A865EED9D1F0}.Debug|x64.ActiveCfg = Debug|x64
		{06E8F9D6-BC8C-4E16-934B-A865EED9D1F0}.Debug|x64.Build.0 = Debug|x64
		{06E8F9D6-BC8C-4E16-934B-A865EED9D1F0}.Debug|x86.ActiveCfg = Debug|Win32
		{06E8F9D6-BC8C-4E16-934B-A865EED9D1F0}.Debug|x86.Build.0 = Debug|Win32
		{06E8F9D6-BC8C-4E16-934B-A865EED9D1F0}.Release|x64.ActiveCfg = Release|x64
		{06E8F9D6-BC8C-4E16-934B-A865EED9D1F0}.Release|x64.Build.0 = Release|x64
		{06E8F9D6-BC8C-4E16-934B-A865EED9D1F0}.Release|x86.ActiveCfg = Release|Win32
		{06E8F9D6-BC8C-4E16-934B-A865EED9D1F0}.Release|x86.Build.0 = Release|Win32
		{9F626068-7192-4A96-90C0-EC2B66BE004A}.Debug|x64.ActiveCfg = Debug|x64
		{9F626068-7192-4A96-90C0-EC2B66BE004A}.Debug|x64.Build.0 = Debug|x64
		{9F626068-7192-4A96-90C0-EC2B66BE004A}.Debug|x86.ActiveCfg = Debug|Win32
		{9F626068-7192-4A96-90C0-EC2B66BE004A}.Debug|x86.Build.0 = Debug|Win32
		{9F626068-7192-4A96-90C0-EC2B66BE004A}.Release|x64.ActiveCfg = Release|x64
		{9F626068-7192-4A96-90C0-EC2B66BE004A}.Release|x64.Build.0 = Release|x64
		{9F626068-7192-4A96-90C0-EC2B66BE004A}.Release|x86.ActiveCfg = Release|Win32
		{9F626068-7192-4A96-90C0-EC2B66BE004A}.Release|x86.Build.0 = Release|Win32
		{B02742F5-3728-4A46-95AD-65D8C253178B}.Debug|x64.ActiveCfg = Debug|x64
		{B02742F5-3728-4A46-95AD-65D8C253178B}.Debug|x64.Build.0 = Debug|x64
		{B02742F5-3728-4A46-95AD-65D8C253178B}.Debug|x86.ActiveCfg = Debug|Win32
		{B02742F5-3728-4A46-95AD-65D8C253178B}.Debug|x86.Build.0 = Debug|Win32
		{B02742F5-3728-4A46-95AD-65D8C253178B}.Release|x64.ActiveCfg = Release|x64
		{B02742F5-3728-4A46-95AD-65D8C253178B}.Release|x64.Build.0 = Release|x64
		{B02742F5-3728-4A46-95AD-65D8C253178B}.Release|x86.ActiveCfg = Release|Win32
		{B02742F5-3728-4A46-95AD-65D8C253178B}.Release|x86.Build.0 = Release|Win32
		{F289D914-3BDA-47E5-B9D0-FEEB27FCE90C}.Debug|x64.ActiveCfg = Debug|x64
		{F289D914-3BDA-47E5-B9D0-FEEB27FCE90C}.Debug|x64.Build.0 = Debug|x64
		{F289D914-3BDA-47E5-B9D0-FEEB27FCE90C}.Debug|x86.ActiveCfg = Debug|Win32
		{F289D914-3BDA-47E5-B9D0-FEEB27FCE90C}.Debug|x86.Build.0 = Debug|Win32
		{F289D914-3BDA-47E5-B9D0-FEEB27FCE90C}.Release|x64.ActiveCfg = Release|x64
		{F289D914-3BDA-47E5-B9D0-FEEB27FCE90C}.Release|x64.Build.0 = Release|x64
		{F289D914-3BDA-47E5-B9D0-FEEB27FCE90C}.Release|x86.ActiveCfg = Release|Win32
		{F289D914-3BDA-47E5-B9D0-FEEB27FCE90C}.Release|x86.Build.0 = Release|Win32
		{7F545F49-8C68-49D9-9244-4225C79F57D9}.Debug|x64.ActiveCfg = Debug|x64
		{7F545F49-8C68-49D9-9244-4225C79F57D9}.Debug|x64.Build.0 = Debug|x64
		{7F545F49-8C68-49D9-9244-4225C79F57D9}.Debug|x86.ActiveCfg = Debug|Win32
		{7F545F49-8C68-49D9-9244-4225C79F57D9}.Debug|x86.Build.0 = Debug|Win32
		{7F545F49-8C68-49D9-9244-4225C79F57D9}.Release|x64.ActiveCfg = Release|x64
		{7F545F49-8C68-49D9-9244-4225C79F57D9}.Release|x64.Build.0 = Release|x64
		{7F545F49-8C68-49D9-9244-4225C79F57D9}.Release|x86.ActiveCfg = Release|Win32
		{7F545F49-8C68-49D9-9244-4225C79F57D9}.Release|x86.Build.0 = Release|Win32
		{E1A4707D-E560-4943-9B3E-8B5E43395650}.Debug|x64.ActiveCfg = Debug|x64
		{E1A4707D-E560-4943-9B3E-8B5E43395650}.Debug|x64.Build.0 = Debug|x64
		{E1A4707D-E560-4943-9B3E-8B5E43395650}.Debug|x86.ActiveCfg = Debug|Win32
		{E1A4707D-E560-4943-9B3E-8B5E43395650}.Debug|x86.Build.0 = Debug|Win32
		{E1A4707D-E560-4943-9B3E-8B5E43395650}.Release|x64.ActiveCfg = Release|x64
		{E1A4707D-E560-4943-9B3E-8B5E43395650}.Release|x64.Build.0 = Release|x64
		{E1A4707D-E560-4943-9B3E-8B5E43395650}.Release|x86.ActiveCfg = Release|Win32
		{E1A4707D-E560-4943-9B3E-8B5E43395650}.Release|x86.Build.0 = Release|Win32
		{8F3C2D6B-CD52-47F6-ABAB-656D2E32E324}.Debug|x64.ActiveCfg = Debug|x64
		{8F3C2D6B-CD52-47F6-ABAB-656D2E32E324}.Debug|x64.Build.0 = Debug|x64
		{8F3C2D6B-CD52-47F6-ABAB-656D2E32E324}.Debug|x86.ActiveCfg = Debug|Win32
		{8F3C2D6B-CD52-47F6-ABAB-656D2E32E324}.Debug|x86.Build.0 = Debug|Win32
		{8F3C2D6B-CD52-47F6-ABAB-656D2E32E324}.Release|x64.ActiveCfg = Release|x64
		{8F3C2D6B-CD52-47F6-ABAB-656D2E32E324}.Release|x64.Build.0 = Release|x64
		{8F3C2D6B-CD52-47F6-ABAB-656D2E32E324}.Release|x86.ActiveCfg = Release|Win32
		{8F3C2D6B-CD52-47F6-ABAB-656D2E32E324}.Release|x86.Build.0 = Release|Win32
		{D0A86B0B-5AA2-48D2-8275-96BC1FDBBEE6}.Debug|x64.ActiveCfg = Debug|x64
		{D0A86B0B-5AA2-48D2-8275-96BC1FDBBEE6}.Debug|x64.Build.0 = Debug|x64
		{D0A86B0B-5AA2-48D2-8275-96BC1FDBBEE6}.Debug|x86.ActiveCfg = Debug|Win32
		{D0A86B0B-5AA2-48D2-8275-96BC1FDBBEE6}.Debug|x86.Build.0 = Debug|Win32
		{D0A86B0B-5AA2-48D2-8275-96BC1FDBBEE6}.Release|x64.ActiveCfg = Release|x64
		{D0A86B0B-5AA2-48D2-8275-96BC1FDBBEE6}.Release|x64.Build.0 = Release|x64
		{D0A86B0B-5AA2-48D2-8275-96BC1FDBBEE6}.Release|x86.ActiveCfg = Release|Win32
		{D0A86B0B-5AA2-48D2-8275-96BC1FDBBEE6}.Release|x86.Build.0 = Release|Win32
		{79DEEF5C-DC70-4694-9C20-DEAF700B209E}.Debug|x64.ActiveCfg = Debug|x64
		{79DEEF5C-DC70-4694-9C20-DEAF700B209E}.Debug|x64.Build.0 = Debug|x64
		{79DEEF5C-DC70-4694-9C20-DEAF700B209E}.Debug|x86.ActiveCfg = Debug|Win32
		{79DEEF5C-DC70-4694-9C20-DEAF700B209E}.Debug|x86.Build.0 = Debug|Win32
		{79DEEF5C-DC70-4694-9C20-DEAF700B209E}.Release|x64.ActiveCfg = Release|x64
		{79DEEF5C-DC70-4694-9C20-DEAF700B209E}.Release|x64.Build.0 = Release|x64
		{79DEEF5C-DC70-4694-9C20-DEAF700B209E}.Release|x86.ActiveCfg = Release|Win32
		{79DEEF5C-DC70-4694-9C20-DEAF700B209E}.Release|x86.Build.0 = Release|Win32
	EndGlobalSection
	GlobalSection(SolutionProperties) = preSolution
		HideSolutionNode = FALSE
	EndGlobalSection
	GlobalSection(ExtensibilityGlobals) = postSolution
		SolutionGuid = {6E1E654D-93C3-47E6-81A3-D397C521AE98}
	EndGlobalSection
EndGlobal
